// !$*UTF8*$!
{
	archiveVersion = 1;
	classes = {
	};
	objectVersion = 46;
	objects = {

/* Begin PBXBuildFile section */
		82E48B3819BAB566008A2157 /* Foundation.framework in Frameworks */ = {isa = PBXBuildFile; fileRef = 82E48B3719BAB566008A2157 /* Foundation.framework */; };
		82E48B3A19BAB566008A2157 /* CoreGraphics.framework in Frameworks */ = {isa = PBXBuildFile; fileRef = 82E48B3919BAB566008A2157 /* CoreGraphics.framework */; };
		82E48B3C19BAB566008A2157 /* UIKit.framework in Frameworks */ = {isa = PBXBuildFile; fileRef = 82E48B3B19BAB566008A2157 /* UIKit.framework */; };
		82E48B4219BAB566008A2157 /* InfoPlist.strings in Resources */ = {isa = PBXBuildFile; fileRef = 82E48B4019BAB566008A2157 /* InfoPlist.strings */; };
		82E48B4419BAB566008A2157 /* main.m in Sources */ = {isa = PBXBuildFile; fileRef = 82E48B4319BAB566008A2157 /* main.m */; };
		82E48B4819BAB566008A2157 /* OWAppDelegate.m in Sources */ = {isa = PBXBuildFile; fileRef = 82E48B4719BAB566008A2157 /* OWAppDelegate.m */; };
		82E48B4B19BAB566008A2157 /* Main.storyboard in Resources */ = {isa = PBXBuildFile; fileRef = 82E48B4919BAB566008A2157 /* Main.storyboard */; };
		82E48B5019BAB566008A2157 /* Images.xcassets in Resources */ = {isa = PBXBuildFile; fileRef = 82E48B4F19BAB566008A2157 /* Images.xcassets */; };
		82E48B5719BAB566008A2157 /* XCTest.framework in Frameworks */ = {isa = PBXBuildFile; fileRef = 82E48B5619BAB566008A2157 /* XCTest.framework */; };
		82E48B5819BAB566008A2157 /* Foundation.framework in Frameworks */ = {isa = PBXBuildFile; fileRef = 82E48B3719BAB566008A2157 /* Foundation.framework */; };
		82E48B5919BAB566008A2157 /* UIKit.framework in Frameworks */ = {isa = PBXBuildFile; fileRef = 82E48B3B19BAB566008A2157 /* UIKit.framework */; };
		82E48B6119BAB566008A2157 /* InfoPlist.strings in Resources */ = {isa = PBXBuildFile; fileRef = 82E48B5F19BAB566008A2157 /* InfoPlist.strings */; };
		82E48B6319BAB566008A2157 /* OutofThisWorldTests.m in Sources */ = {isa = PBXBuildFile; fileRef = 82E48B6219BAB566008A2157 /* OutofThisWorldTests.m */; };
		82E48B6E19BAB637008A2157 /* OWOuterSpaceTableViewController.m in Sources */ = {isa = PBXBuildFile; fileRef = 82E48B6D19BAB637008A2157 /* OWOuterSpaceTableViewController.m */; };
		82E48B7119BE38D8008A2157 /* AstronomicalData.m in Sources */ = {isa = PBXBuildFile; fileRef = 82E48B7019BE38D8008A2157 /* AstronomicalData.m */; };
		82E48BC019BEC4A6008A2157 /* Earth.jpg in Resources */ = {isa = PBXBuildFile; fileRef = 82E48BB619BEC4A6008A2157 /* Earth.jpg */; };
		82E48BC119BEC4A6008A2157 /* EinsteinRing.jpg in Resources */ = {isa = PBXBuildFile; fileRef = 82E48BB719BEC4A6008A2157 /* EinsteinRing.jpg */; };
		82E48BC219BEC4A6008A2157 /* Jupiter.jpg in Resources */ = {isa = PBXBuildFile; fileRef = 82E48BB819BEC4A6008A2157 /* Jupiter.jpg */; };
		82E48BC319BEC4A6008A2157 /* Mars.jpg in Resources */ = {isa = PBXBuildFile; fileRef = 82E48BB919BEC4A6008A2157 /* Mars.jpg */; };
		82E48BC419BEC4A6008A2157 /* Mercury.jpg in Resources */ = {isa = PBXBuildFile; fileRef = 82E48BBA19BEC4A6008A2157 /* Mercury.jpg */; };
		82E48BC519BEC4A6008A2157 /* Neptune.jpg in Resources */ = {isa = PBXBuildFile; fileRef = 82E48BBB19BEC4A6008A2157 /* Neptune.jpg */; };
		82E48BC619BEC4A6008A2157 /* Orion.jpg in Resources */ = {isa = PBXBuildFile; fileRef = 82E48BBC19BEC4A6008A2157 /* Orion.jpg */; };
		82E48BC719BEC4A6008A2157 /* Saturn.jpg in Resources */ = {isa = PBXBuildFile; fileRef = 82E48BBD19BEC4A6008A2157 /* Saturn.jpg */; };
		82E48BC819BEC4A6008A2157 /* Uranus.jpg in Resources */ = {isa = PBXBuildFile; fileRef = 82E48BBE19BEC4A6008A2157 /* Uranus.jpg */; };
		82E48BC919BEC4A6008A2157 /* Venus.jpg in Resources */ = {isa = PBXBuildFile; fileRef = 82E48BBF19BEC4A6008A2157 /* Venus.jpg */; };
		82E48BCC19BEC509008A2157 /* OWSpaceObject.m in Sources */ = {isa = PBXBuildFile; fileRef = 82E48BCB19BEC509008A2157 /* OWSpaceObject.m */; };
/* End PBXBuildFile section */

/* Begin PBXContainerItemProxy section */
		82E48B5A19BAB566008A2157 /* PBXContainerItemProxy */ = {
			isa = PBXContainerItemProxy;
			containerPortal = 82E48B2C19BAB566008A2157 /* Project object */;
			proxyType = 1;
			remoteGlobalIDString = 82E48B3319BAB566008A2157;
			remoteInfo = OutofThisWorld;
		};
/* End PBXContainerItemProxy section */

/* Begin PBXFileReference section */
		82E48B3419BAB566008A2157 /* OutofThisWorld.app */ = {isa = PBXFileReference; explicitFileType = wrapper.application; includeInIndex = 0; path = OutofThisWorld.app; sourceTree = BUILT_PRODUCTS_DIR; };
		82E48B3719BAB566008A2157 /* Foundation.framework */ = {isa = PBXFileReference; lastKnownFileType = wrapper.framework; name = Foundation.framework; path = System/Library/Frameworks/Foundation.framework; sourceTree = SDKROOT; };
		82E48B3919BAB566008A2157 /* CoreGraphics.framework */ = {isa = PBXFileReference; lastKnownFileType = wrapper.framework; name = CoreGraphics.framework; path = System/Library/Frameworks/CoreGraphics.framework; sourceTree = SDKROOT; };
		82E48B3B19BAB566008A2157 /* UIKit.framework */ = {isa = PBXFileReference; lastKnownFileType = wrapper.framework; name = UIKit.framework; path = System/Library/Frameworks/UIKit.framework; sourceTree = SDKROOT; };
		82E48B3F19BAB566008A2157 /* OutofThisWorld-Info.plist */ = {isa = PBXFileReference; lastKnownFileType = text.plist.xml; path = "OutofThisWorld-Info.plist"; sourceTree = "<group>"; };
		82E48B4119BAB566008A2157 /* en */ = {isa = PBXFileReference; lastKnownFileType = text.plist.strings; name = en; path = en.lproj/InfoPlist.strings; sourceTree = "<group>"; };
		82E48B4319BAB566008A2157 /* main.m */ = {isa = PBXFileReference; lastKnownFileType = sourcecode.c.objc; path = main.m; sourceTree = "<group>"; };
		82E48B4519BAB566008A2157 /* OutofThisWorld-Prefix.pch */ = {isa = PBXFileReference; lastKnownFileType = sourcecode.c.h; path = "OutofThisWorld-Prefix.pch"; sourceTree = "<group>"; };
		82E48B4619BAB566008A2157 /* OWAppDelegate.h */ = {isa = PBXFileReference; lastKnownFileType = sourcecode.c.h; path = OWAppDelegate.h; sourceTree = "<group>"; };
		82E48B4719BAB566008A2157 /* OWAppDelegate.m */ = {isa = PBXFileReference; lastKnownFileType = sourcecode.c.objc; path = OWAppDelegate.m; sourceTree = "<group>"; };
		82E48B4A19BAB566008A2157 /* Base */ = {isa = PBXFileReference; lastKnownFileType = file.storyboard; name = Base; path = Base.lproj/Main.storyboard; sourceTree = "<group>"; };
		82E48B4F19BAB566008A2157 /* Images.xcassets */ = {isa = PBXFileReference; lastKnownFileType = folder.assetcatalog; path = Images.xcassets; sourceTree = "<group>"; };
		82E48B5519BAB566008A2157 /* OutofThisWorldTests.xctest */ = {isa = PBXFileReference; explicitFileType = wrapper.cfbundle; includeInIndex = 0; path = OutofThisWorldTests.xctest; sourceTree = BUILT_PRODUCTS_DIR; };
		82E48B5619BAB566008A2157 /* XCTest.framework */ = {isa = PBXFileReference; lastKnownFileType = wrapper.framework; name = XCTest.framework; path = Library/Frameworks/XCTest.framework; sourceTree = DEVELOPER_DIR; };
		82E48B5E19BAB566008A2157 /* OutofThisWorldTests-Info.plist */ = {isa = PBXFileReference; lastKnownFileType = text.plist.xml; path = "OutofThisWorldTests-Info.plist"; sourceTree = "<group>"; };
		82E48B6019BAB566008A2157 /* en */ = {isa = PBXFileReference; lastKnownFileType = text.plist.strings; name = en; path = en.lproj/InfoPlist.strings; sourceTree = "<group>"; };
		82E48B6219BAB566008A2157 /* OutofThisWorldTests.m */ = {isa = PBXFileReference; lastKnownFileType = sourcecode.c.objc; path = OutofThisWorldTests.m; sourceTree = "<group>"; };
		82E48B6C19BAB637008A2157 /* OWOuterSpaceTableViewController.h */ = {isa = PBXFileReference; fileEncoding = 4; lastKnownFileType = sourcecode.c.h; name = OWOuterSpaceTableViewController.h; path = ../OWOuterSpaceTableViewController.h; sourceTree = "<group>"; };
		82E48B6D19BAB637008A2157 /* OWOuterSpaceTableViewController.m */ = {isa = PBXFileReference; fileEncoding = 4; lastKnownFileType = sourcecode.c.objc; name = OWOuterSpaceTableViewController.m; path = ../OWOuterSpaceTableViewController.m; sourceTree = "<group>"; };
		82E48B6F19BE38D8008A2157 /* AstronomicalData.h */ = {isa = PBXFileReference; fileEncoding = 4; lastKnownFileType = sourcecode.c.h; path = AstronomicalData.h; sourceTree = "<group>"; };
		82E48B7019BE38D8008A2157 /* AstronomicalData.m */ = {isa = PBXFileReference; fileEncoding = 4; lastKnownFileType = sourcecode.c.objc; path = AstronomicalData.m; sourceTree = "<group>"; };
		82E48BB619BEC4A6008A2157 /* Earth.jpg */ = {isa = PBXFileReference; lastKnownFileType = image.jpeg; path = Earth.jpg; sourceTree = "<group>"; };
		82E48BB719BEC4A6008A2157 /* EinsteinRing.jpg */ = {isa = PBXFileReference; lastKnownFileType = image.jpeg; path = EinsteinRing.jpg; sourceTree = "<group>"; };
		82E48BB819BEC4A6008A2157 /* Jupiter.jpg */ = {isa = PBXFileReference; lastKnownFileType = image.jpeg; path = Jupiter.jpg; sourceTree = "<group>"; };
		82E48BB919BEC4A6008A2157 /* Mars.jpg */ = {isa = PBXFileReference; lastKnownFileType = image.jpeg; path = Mars.jpg; sourceTree = "<group>"; };
		82E48BBA19BEC4A6008A2157 /* Mercury.jpg */ = {isa = PBXFileReference; lastKnownFileType = image.jpeg; path = Mercury.jpg; sourceTree = "<group>"; };
		82E48BBB19BEC4A6008A2157 /* Neptune.jpg */ = {isa = PBXFileReference; lastKnownFileType = image.jpeg; path = Neptune.jpg; sourceTree = "<group>"; };
		82E48BBC19BEC4A6008A2157 /* Orion.jpg */ = {isa = PBXFileReference; lastKnownFileType = image.jpeg; path = Orion.jpg; sourceTree = "<group>"; };
		82E48BBD19BEC4A6008A2157 /* Saturn.jpg */ = {isa = PBXFileReference; lastKnownFileType = image.jpeg; path = Saturn.jpg; sourceTree = "<group>"; };
		82E48BBE19BEC4A6008A2157 /* Uranus.jpg */ = {isa = PBXFileReference; lastKnownFileType = image.jpeg; path = Uranus.jpg; sourceTree = "<group>"; };
		82E48BBF19BEC4A6008A2157 /* Venus.jpg */ = {isa = PBXFileReference; lastKnownFileType = image.jpeg; path = Venus.jpg; sourceTree = "<group>"; };
		82E48BCA19BEC509008A2157 /* OWSpaceObject.h */ = {isa = PBXFileReference; fileEncoding = 4; lastKnownFileType = sourcecode.c.h; path = OWSpaceObject.h; sourceTree = "<group>"; };
		82E48BCB19BEC509008A2157 /* OWSpaceObject.m */ = {isa = PBXFileReference; fileEncoding = 4; lastKnownFileType = sourcecode.c.objc; path = OWSpaceObject.m; sourceTree = "<group>"; };
/* End PBXFileReference section */

/* Begin PBXFrameworksBuildPhase section */
		82E48B3119BAB566008A2157 /* Frameworks */ = {
			isa = PBXFrameworksBuildPhase;
			buildActionMask = 2147483647;
			files = (
				82E48B3A19BAB566008A2157 /* CoreGraphics.framework in Frameworks */,
				82E48B3C19BAB566008A2157 /* UIKit.framework in Frameworks */,
				82E48B3819BAB566008A2157 /* Foundation.framework in Frameworks */,
			);
			runOnlyForDeploymentPostprocessing = 0;
		};
		82E48B5219BAB566008A2157 /* Frameworks */ = {
			isa = PBXFrameworksBuildPhase;
			buildActionMask = 2147483647;
			files = (
				82E48B5719BAB566008A2157 /* XCTest.framework in Frameworks */,
				82E48B5919BAB566008A2157 /* UIKit.framework in Frameworks */,
				82E48B5819BAB566008A2157 /* Foundation.framework in Frameworks */,
			);
			runOnlyForDeploymentPostprocessing = 0;
		};
/* End PBXFrameworksBuildPhase section */

/* Begin PBXGroup section */
		82E48B2B19BAB566008A2157 = {
			isa = PBXGroup;
			children = (
				82E48B3D19BAB566008A2157 /* OutofThisWorld */,
				82E48B5C19BAB566008A2157 /* OutofThisWorldTests */,
				82E48B3619BAB566008A2157 /* Frameworks */,
				82E48B3519BAB566008A2157 /* Products */,
			);
			sourceTree = "<group>";
		};
		82E48B3519BAB566008A2157 /* Products */ = {
			isa = PBXGroup;
			children = (
				82E48B3419BAB566008A2157 /* OutofThisWorld.app */,
				82E48B5519BAB566008A2157 /* OutofThisWorldTests.xctest */,
			);
			name = Products;
			sourceTree = "<group>";
		};
		82E48B3619BAB566008A2157 /* Frameworks */ = {
			isa = PBXGroup;
			children = (
				82E48B3719BAB566008A2157 /* Foundation.framework */,
				82E48B3919BAB566008A2157 /* CoreGraphics.framework */,
				82E48B3B19BAB566008A2157 /* UIKit.framework */,
				82E48B5619BAB566008A2157 /* XCTest.framework */,
			);
			name = Frameworks;
			sourceTree = "<group>";
		};
		82E48B3D19BAB566008A2157 /* OutofThisWorld */ = {
			isa = PBXGroup;
			children = (
				82E48B4619BAB566008A2157 /* OWAppDelegate.h */,
				82E48B4719BAB566008A2157 /* OWAppDelegate.m */,
				82E48B4919BAB566008A2157 /* Main.storyboard */,
				82E48B6C19BAB637008A2157 /* OWOuterSpaceTableViewController.h */,
				82E48B6D19BAB637008A2157 /* OWOuterSpaceTableViewController.m */,
				82E48BCA19BEC509008A2157 /* OWSpaceObject.h */,
				82E48BCB19BEC509008A2157 /* OWSpaceObject.m */,
				82E48B4F19BAB566008A2157 /* Images.xcassets */,
				82E48B3E19BAB566008A2157 /* Supporting Files */,
			);
			path = OutofThisWorld;
			sourceTree = "<group>";
		};
		82E48B3E19BAB566008A2157 /* Supporting Files */ = {
			isa = PBXGroup;
			children = (
				82E48BB619BEC4A6008A2157 /* Earth.jpg */,
				82E48BB719BEC4A6008A2157 /* EinsteinRing.jpg */,
				82E48BB819BEC4A6008A2157 /* Jupiter.jpg */,
				82E48BB919BEC4A6008A2157 /* Mars.jpg */,
				82E48BBA19BEC4A6008A2157 /* Mercury.jpg */,
				82E48BBB19BEC4A6008A2157 /* Neptune.jpg */,
				82E48BBC19BEC4A6008A2157 /* Orion.jpg */,
				82E48BBD19BEC4A6008A2157 /* Saturn.jpg */,
				82E48BBE19BEC4A6008A2157 /* Uranus.jpg */,
				82E48BBF19BEC4A6008A2157 /* Venus.jpg */,
				82E48B6F19BE38D8008A2157 /* AstronomicalData.h */,
				82E48B7019BE38D8008A2157 /* AstronomicalData.m */,
				82E48B3F19BAB566008A2157 /* OutofThisWorld-Info.plist */,
				82E48B4019BAB566008A2157 /* InfoPlist.strings */,
				82E48B4319BAB566008A2157 /* main.m */,
				82E48B4519BAB566008A2157 /* OutofThisWorld-Prefix.pch */,
			);
			name = "Supporting Files";
			sourceTree = "<group>";
		};
		82E48B5C19BAB566008A2157 /* OutofThisWorldTests */ = {
			isa = PBXGroup;
			children = (
				82E48B6219BAB566008A2157 /* OutofThisWorldTests.m */,
				82E48B5D19BAB566008A2157 /* Supporting Files */,
			);
			path = OutofThisWorldTests;
			sourceTree = "<group>";
		};
		82E48B5D19BAB566008A2157 /* Supporting Files */ = {
			isa = PBXGroup;
			children = (
				82E48B5E19BAB566008A2157 /* OutofThisWorldTests-Info.plist */,
				82E48B5F19BAB566008A2157 /* InfoPlist.strings */,
			);
			name = "Supporting Files";
			sourceTree = "<group>";
		};
/* End PBXGroup section */

/* Begin PBXNativeTarget section */
		82E48B3319BAB566008A2157 /* OutofThisWorld */ = {
			isa = PBXNativeTarget;
			buildConfigurationList = 82E48B6619BAB566008A2157 /* Build configuration list for PBXNativeTarget "OutofThisWorld" */;
			buildPhases = (
				82E48B3019BAB566008A2157 /* Sources */,
				82E48B3119BAB566008A2157 /* Frameworks */,
				82E48B3219BAB566008A2157 /* Resources */,
			);
			buildRules = (
			);
			dependencies = (
			);
			name = OutofThisWorld;
			productName = OutofThisWorld;
			productReference = 82E48B3419BAB566008A2157 /* OutofThisWorld.app */;
			productType = "com.apple.product-type.application";
		};
		82E48B5419BAB566008A2157 /* OutofThisWorldTests */ = {
			isa = PBXNativeTarget;
			buildConfigurationList = 82E48B6919BAB566008A2157 /* Build configuration list for PBXNativeTarget "OutofThisWorldTests" */;
			buildPhases = (
				82E48B5119BAB566008A2157 /* Sources */,
				82E48B5219BAB566008A2157 /* Frameworks */,
				82E48B5319BAB566008A2157 /* Resources */,
			);
			buildRules = (
			);
			dependencies = (
				82E48B5B19BAB566008A2157 /* PBXTargetDependency */,
			);
			name = OutofThisWorldTests;
			productName = OutofThisWorldTests;
			productReference = 82E48B5519BAB566008A2157 /* OutofThisWorldTests.xctest */;
			productType = "com.apple.product-type.bundle.unit-test";
		};
/* End PBXNativeTarget section */

/* Begin PBXProject section */
		82E48B2C19BAB566008A2157 /* Project object */ = {
			isa = PBXProject;
			attributes = {
				CLASSPREFIX = OW;
				LastUpgradeCheck = 0510;
				ORGANIZATIONNAME = codeHatcher;
				TargetAttributes = {
					82E48B5419BAB566008A2157 = {
						TestTargetID = 82E48B3319BAB566008A2157;
					};
				};
			};
			buildConfigurationList = 82E48B2F19BAB566008A2157 /* Build configuration list for PBXProject "OutofThisWorld" */;
			compatibilityVersion = "Xcode 3.2";
			developmentRegion = English;
			hasScannedForEncodings = 0;
			knownRegions = (
				en,
				Base,
			);
			mainGroup = 82E48B2B19BAB566008A2157;
			productRefGroup = 82E48B3519BAB566008A2157 /* Products */;
			projectDirPath = "";
			projectRoot = "";
			targets = (
				82E48B3319BAB566008A2157 /* OutofThisWorld */,
				82E48B5419BAB566008A2157 /* OutofThisWorldTests */,
			);
		};
/* End PBXProject section */

/* Begin PBXResourcesBuildPhase section */
		82E48B3219BAB566008A2157 /* Resources */ = {
			isa = PBXResourcesBuildPhase;
			buildActionMask = 2147483647;
			files = (
				82E48BC019BEC4A6008A2157 /* Earth.jpg in Resources */,
				82E48BC919BEC4A6008A2157 /* Venus.jpg in Resources */,
				82E48BC419BEC4A6008A2157 /* Mercury.jpg in Resources */,
				82E48BC719BEC4A6008A2157 /* Saturn.jpg in Resources */,
				82E48BC819BEC4A6008A2157 /* Uranus.jpg in Resources */,
				82E48B5019BAB566008A2157 /* Images.xcassets in Resources */,
				82E48BC519BEC4A6008A2157 /* Neptune.jpg in Resources */,
				82E48BC319BEC4A6008A2157 /* Mars.jpg in Resources */,
				82E48B4219BAB566008A2157 /* InfoPlist.strings in Resources */,
				82E48B4B19BAB566008A2157 /* Main.storyboard in Resources */,
				82E48BC119BEC4A6008A2157 /* EinsteinRing.jpg in Resources */,
				82E48BC219BEC4A6008A2157 /* Jupiter.jpg in Resources */,
				82E48BC619BEC4A6008A2157 /* Orion.jpg in Resources */,
			);
			runOnlyForDeploymentPostprocessing = 0;
		};
		82E48B5319BAB566008A2157 /* Resources */ = {
			isa = PBXResourcesBuildPhase;
			buildActionMask = 2147483647;
			files = (
				82E48B6119BAB566008A2157 /* InfoPlist.strings in Resources */,
			);
			runOnlyForDeploymentPostprocessing = 0;
		};
/* End PBXResourcesBuildPhase section */

/* Begin PBXSourcesBuildPhase section */
		82E48B3019BAB566008A2157 /* Sources */ = {
			isa = PBXSourcesBuildPhase;
			buildActionMask = 2147483647;
			files = (
				82E48B6E19BAB637008A2157 /* OWOuterSpaceTableViewController.m in Sources */,
				82E48BCC19BEC509008A2157 /* OWSpaceObject.m in Sources */,
				82E48B4819BAB566008A2157 /* OWAppDelegate.m in Sources */,
				82E48B4419BAB566008A2157 /* main.m in Sources */,
				82E48B7119BE38D8008A2157 /* AstronomicalData.m in Sources */,
			);
			runOnlyForDeploymentPostprocessing = 0;
		};
		82E48B5119BAB566008A2157 /* Sources */ = {
			isa = PBXSourcesBuildPhase;
			buildActionMask = 2147483647;
			files = (
				82E48B6319BAB566008A2157 /* OutofThisWorldTests.m in Sources */,
			);
			runOnlyForDeploymentPostprocessing = 0;
		};
/* End PBXSourcesBuildPhase section */

/* Begin PBXTargetDependency section */
		82E48B5B19BAB566008A2157 /* PBXTargetDependency */ = {
			isa = PBXTargetDependency;
			target = 82E48B3319BAB566008A2157 /* OutofThisWorld */;
			targetProxy = 82E48B5A19BAB566008A2157 /* PBXContainerItemProxy */;
		};
/* End PBXTargetDependency section */

/* Begin PBXVariantGroup section */
		82E48B4019BAB566008A2157 /* InfoPlist.strings */ = {
			isa = PBXVariantGroup;
			children = (
				82E48B4119BAB566008A2157 /* en */,
			);
			name = InfoPlist.strings;
			sourceTree = "<group>";
		};
		82E48B4919BAB566008A2157 /* Main.storyboard */ = {
			isa = PBXVariantGroup;
			children = (
				82E48B4A19BAB566008A2157 /* Base */,
			);
			name = Main.storyboard;
			sourceTree = "<group>";
		};
		82E48B5F19BAB566008A2157 /* InfoPlist.strings */ = {
			isa = PBXVariantGroup;
			children = (
				82E48B6019BAB566008A2157 /* en */,
			);
			name = InfoPlist.strings;
			sourceTree = "<group>";
		};
/* End PBXVariantGroup section */

/* Begin XCBuildConfiguration section */
		82E48B6419BAB566008A2157 /* Debug */ = {
			isa = XCBuildConfiguration;
			buildSettings = {
				ALWAYS_SEARCH_USER_PATHS = NO;
				CLANG_CXX_LANGUAGE_STANDARD = "gnu++0x";
				CLANG_CXX_LIBRARY = "libc++";
				CLANG_ENABLE_MODULES = YES;
				CLANG_ENABLE_OBJC_ARC = YES;
				CLANG_WARN_BOOL_CONVERSION = YES;
				CLANG_WARN_CONSTANT_CONVERSION = YES;
				CLANG_WARN_DIRECT_OBJC_ISA_USAGE = YES_ERROR;
				CLANG_WARN_EMPTY_BODY = YES;
				CLANG_WARN_ENUM_CONVERSION = YES;
				CLANG_WARN_INT_CONVERSION = YES;
				CLANG_WARN_OBJC_ROOT_CLASS = YES_ERROR;
				CLANG_WARN__DUPLICATE_METHOD_MATCH = YES;
				"CODE_SIGN_IDENTITY[sdk=iphoneos*]" = "iPhone Developer";
				COPY_PHASE_STRIP = NO;
				GCC_C_LANGUAGE_STANDARD = gnu99;
				GCC_DYNAMIC_NO_PIC = NO;
				GCC_OPTIMIZATION_LEVEL = 0;
				GCC_PREPROCESSOR_DEFINITIONS = (
					"DEBUG=1",
					"$(inherited)",
				);
				GCC_SYMBOLS_PRIVATE_EXTERN = NO;
				GCC_WARN_64_TO_32_BIT_CONVERSION = YES;
				GCC_WARN_ABOUT_RETURN_TYPE = YES_ERROR;
				GCC_WARN_UNDECLARED_SELECTOR = YES;
				GCC_WARN_UNINITIALIZED_AUTOS = YES_AGGRESSIVE;
				GCC_WARN_UNUSED_FUNCTION = YES;
				GCC_WARN_UNUSED_VARIABLE = YES;
				IPHONEOS_DEPLOYMENT_TARGET = 7.1;
				ONLY_ACTIVE_ARCH = YES;
				SDKROOT = iphoneos;
			};
			name = Debug;
		};
		82E48B6519BAB566008A2157 /* Release */ = {
			isa = XCBuildConfiguration;
			buildSettings = {
				ALWAYS_SEARCH_USER_PATHS = NO;
				CLANG_CXX_LANGUAGE_STANDARD = "gnu++0x";
				CLANG_CXX_LIBRARY = "libc++";
				CLANG_ENABLE_MODULES = YES;
				CLANG_ENABLE_OBJC_ARC = YES;
				CLANG_WARN_BOOL_CONVERSION = YES;
				CLANG_WARN_CONSTANT_CONVERSION = YES;
				CLANG_WARN_DIRECT_OBJC_ISA_USAGE = YES_ERROR;
				CLANG_WARN_EMPTY_BODY = YES;
				CLANG_WARN_ENUM_CONVERSION = YES;
				CLANG_WARN_INT_CONVERSION = YES;
				CLANG_WARN_OBJC_ROOT_CLASS = YES_ERROR;
				CLANG_WARN__DUPLICATE_METHOD_MATCH = YES;
				"CODE_SIGN_IDENTITY[sdk=iphoneos*]" = "iPhone Developer";
				COPY_PHASE_STRIP = YES;
				ENABLE_NS_ASSERTIONS = NO;
				GCC_C_LANGUAGE_STANDARD = gnu99;
				GCC_WARN_64_TO_32_BIT_CONVERSION = YES;
				GCC_WARN_ABOUT_RETURN_TYPE = YES_ERROR;
				GCC_WARN_UNDECLARED_SELECTOR = YES;
				GCC_WARN_UNINITIALIZED_AUTOS = YES_AGGRESSIVE;
				GCC_WARN_UNUSED_FUNCTION = YES;
				GCC_WARN_UNUSED_VARIABLE = YES;
				IPHONEOS_DEPLOYMENT_TARGET = 7.1;
				SDKROOT = iphoneos;
				VALIDATE_PRODUCT = YES;
			};
			name = Release;
		};
		82E48B6719BAB566008A2157 /* Debug */ = {
			isa = XCBuildConfiguration;
			buildSettings = {
				ASSETCATALOG_COMPILER_APPICON_NAME = AppIcon;
				ASSETCATALOG_COMPILER_LAUNCHIMAGE_NAME = LaunchImage;
				GCC_PRECOMPILE_PREFIX_HEADER = YES;
				GCC_PREFIX_HEADER = "OutofThisWorld/OutofThisWorld-Prefix.pch";
				INFOPLIST_FILE = "OutofThisWorld/OutofThisWorld-Info.plist";
				PRODUCT_NAME = "$(TARGET_NAME)";
				WRAPPER_EXTENSION = app;
			};
			name = Debug;
		};
		82E48B6819BAB566008A2157 /* Release */ = {
			isa = XCBuildConfiguration;
			buildSettings = {
				ASSETCATALOG_COMPILER_APPICON_NAME = AppIcon;
				ASSETCATALOG_COMPILER_LAUNCHIMAGE_NAME = LaunchImage;
				GCC_PRECOMPILE_PREFIX_HEADER = YES;
				GCC_PREFIX_HEADER = "OutofThisWorld/OutofThisWorld-Prefix.pch";
				INFOPLIST_FILE = "OutofThisWorld/OutofThisWorld-Info.plist";
				PRODUCT_NAME = "$(TARGET_NAME)";
				WRAPPER_EXTENSION = app;
			};
			name = Release;
		};
		82E48B6A19BAB566008A2157 /* Debug */ = {
			isa = XCBuildConfiguration;
			buildSettings = {
				BUNDLE_LOADER = "$(BUILT_PRODUCTS_DIR)/OutofThisWorld.app/OutofThisWorld";
				FRAMEWORK_SEARCH_PATHS = (
					"$(SDKROOT)/Developer/Library/Frameworks",
					"$(inherited)",
					"$(DEVELOPER_FRAMEWORKS_DIR)",
				);
				GCC_PRECOMPILE_PREFIX_HEADER = YES;
				GCC_PREFIX_HEADER = "OutofThisWorld/OutofThisWorld-Prefix.pch";
				GCC_PREPROCESSOR_DEFINITIONS = (
					"DEBUG=1",
					"$(inherited)",
				);
				INFOPLIST_FILE = "OutofThisWorldTests/OutofThisWorldTests-Info.plist";
				PRODUCT_NAME = "$(TARGET_NAME)";
				TEST_HOST = "$(BUNDLE_LOADER)";
				WRAPPER_EXTENSION = xctest;
			};
			name = Debug;
		};
		82E48B6B19BAB566008A2157 /* Release */ = {
			isa = XCBuildConfiguration;
			buildSettings = {
				BUNDLE_LOADER = "$(BUILT_PRODUCTS_DIR)/OutofThisWorld.app/OutofThisWorld";
				FRAMEWORK_SEARCH_PATHS = (
					"$(SDKROOT)/Developer/Library/Frameworks",
					"$(inherited)",
					"$(DEVELOPER_FRAMEWORKS_DIR)",
				);
				GCC_PRECOMPILE_PREFIX_HEADER = YES;
				GCC_PREFIX_HEADER = "OutofThisWorld/OutofThisWorld-Prefix.pch";
				INFOPLIST_FILE = "OutofThisWorldTests/OutofThisWorldTests-Info.plist";
				PRODUCT_NAME = "$(TARGET_NAME)";
				TEST_HOST = "$(BUNDLE_LOADER)";
				WRAPPER_EXTENSION = xctest;
			};
			name = Release;
		};
/* End XCBuildConfiguration section */

/* Begin XCConfigurationList section */
		82E48B2F19BAB566008A2157 /* Build configuration list for PBXProject "OutofThisWorld" */ = {
			isa = XCConfigurationList;
			buildConfigurations = (
				82E48B6419BAB566008A2157 /* Debug */,
				82E48B6519BAB566008A2157 /* Release */,
			);
			defaultConfigurationIsVisible = 0;
			defaultConfigurationName = Release;
		};
		82E48B6619BAB566008A2157 /* Build configuration list for PBXNativeTarget "OutofThisWorld" */ = {
			isa = XCConfigurationList;
			buildConfigurations = (
				82E48B6719BAB566008A2157 /* Debug */,
				82E48B6819BAB566008A2157 /* Release */,
			);
			defaultConfigurationIsVisible = 0;
		};
		82E48B6919BAB566008A2157 /* Build configuration list for PBXNativeTarget "OutofThisWorldTests" */ = {
			isa = XCConfigurationList;
			buildConfigurations = (
				82E48B6A19BAB566008A2157 /* Debug */,
				82E48B6B19BAB566008A2157 /* Release */,
			);
			defaultConfigurationIsVisible = 0;
		};
/* End XCConfigurationList section */
	};
	rootObject = 82E48B2C19BAB566008A2157 /* Project object */;
}
